
Microsoft Visual Studio Solution File, Format Version 12.00
# Visual Studio 15
VisualStudioVersion = 15.0.27703.2047
MinimumVisualStudioVersion = 10.0.40219.1
Project("{FAE04EC0-301F-11D3-BF4B-00C04F79EFBC}") = "Services", "Services\Services.csproj", "{B72EC5A7-CF70-427C-AA0E-FA5B2D3567DE}"
EndProject
Project("{FAE04EC0-301F-11D3-BF4B-00C04F79EFBC}") = "ClientApplication", "ClientApplication\ClientApplication.csproj", "{9CBB1CAC-3BEF-4614-ABA1-37DE0D5B2844}"
EndProject
Project("{FAE04EC0-301F-11D3-BF4B-00C04F79EFBC}") = "DB", "DB\DB.csproj", "{881B41F1-0611-472F-A1DA-FD4A7D279D46}"
EndProject
Global
	GlobalSection(SolutionConfigurationPlatforms) = preSolution
		Debug|Any CPU = Debug|Any CPU
		Release|Any CPU = Release|Any CPU
	EndGlobalSection
	GlobalSection(ProjectConfigurationPlatforms) = postSolution
		{B72EC5A7-CF70-427C-AA0E-FA5B2D3567DE}.Debug|Any CPU.ActiveCfg = Debug|Any CPU
		{B72EC5A7-CF70-427C-AA0E-FA5B2D3567DE}.Debug|Any CPU.Build.0 = Debug|Any CPU
		{B72EC5A7-CF70-427C-AA0E-FA5B2D3567DE}.Release|Any CPU.ActiveCfg = Release|Any CPU
		{B72EC5A7-CF70-427C-AA0E-FA5B2D3567DE}.Release|Any CPU.Build.0 = Release|Any CPU
		{9CBB1CAC-3BEF-4614-ABA1-37DE0D5B2844}.Debug|Any CPU.ActiveCfg = Debug|Any CPU
		{9CBB1CAC-3BEF-4614-ABA1-37DE0D5B2844}.Debug|Any CPU.Build.0 = Debug|Any CPU
		{9CBB1CAC-3BEF-4614-ABA1-37DE0D5B2844}.Release|Any CPU.ActiveCfg = Release|Any CPU
		{9CBB1CAC-3BEF-4614-ABA1-37DE0D5B2844}.Release|Any CPU.Build.0 = Release|Any CPU
		{881B41F1-0611-472F-A1DA-FD4A7D279D46}.Debug|Any CPU.ActiveCfg = Debug|Any CPU
		{881B41F1-0611-472F-A1DA-FD4A7D279D46}.Debug|Any CPU.Build.0 = Debug|Any CPU
		{881B41F1-0611-472F-A1DA-FD4A7D279D46}.Release|Any CPU.ActiveCfg = Release|Any CPU
		{881B41F1-0611-472F-A1DA-FD4A7D279D46}.Release|Any CPU.Build.0 = Release|Any CPU
	EndGlobalSection
	GlobalSection(SolutionProperties) = preSolution
		HideSolutionNode = FALSE
	EndGlobalSection
	GlobalSection(ExtensibilityGlobals) = postSolution
		SolutionGuid = {820A9E32-0EBF-4DD2-BE19-19BE11979FF2}
	EndGlobalSection
EndGlobal
